
Microsoft Visual Studio Solution File, Format Version 12.00
# Visual Studio Version 16
VisualStudioVersion = 16.0.30225.117
MinimumVisualStudioVersion = 10.0.40219.1
Project("{FAE04EC0-301F-11D3-BF4B-00C04F79EFBC}") = "WebApplication2-Study", "WebApplication2-Study.csproj", "{30ABC74E-92C8-486A-AF7A-7B56A184264A}"
EndProject
Global
	GlobalSection(SolutionConfigurationPlatforms) = preSolution
		Debug|Any CPU = Debug|Any CPU
		Release|Any CPU = Release|Any CPU
	EndGlobalSection
	GlobalSection(ProjectConfigurationPlatforms) = postSolution
		{30ABC74E-92C8-486A-AF7A-7B56A184264A}.Debug|Any CPU.ActiveCfg = Debug|Any CPU
		{30ABC74E-92C8-486A-AF7A-7B56A184264A}.Debug|Any CPU.Build.0 = Debug|Any CPU
		{30ABC74E-92C8-486A-AF7A-7B56A184264A}.Release|Any CPU.ActiveCfg = Release|Any CPU
		{30ABC74E-92C8-486A-AF7A-7B56A184264A}.Release|Any CPU.Build.0 = Release|Any CPU
	EndGlobalSection
	GlobalSection(SolutionProperties) = preSolution
		HideSolutionNode = FALSE
	EndGlobalSection
	GlobalSection(ExtensibilityGlobals) = postSolution
		SolutionGuid = {BBCA3E23-ACEE-4A5E-B8D6-CFD2CA2C7455}
	EndGlobalSection
EndGlobal
